
Microsoft Visual Studio Solution File, Format Version 12.00
# Visual Studio Version 16
VisualStudioVersion = 16.0.29911.84
MinimumVisualStudioVersion = 10.0.40219.1
Project("{FAE04EC0-301F-11D3-BF4B-00C04F79EFBC}") = "GeniyIdiotConsole", "GeniyIdiot\GeniyIdiotConsole.csproj", "{FE464856-A4D5-44A0-BBB2-A291C5193FB1}"
EndProject
Project("{FAE04EC0-301F-11D3-BF4B-00C04F79EFBC}") = "GeniyIdiotWinFormsApp", "GeniyIdiotWinFormsApp\GeniyIdiotWinFormsApp.csproj", "{ABBC802E-6066-4C4B-ABDF-D997683F4E85}"
EndProject
Project("{FAE04EC0-301F-11D3-BF4B-00C04F79EFBC}") = "GeniyIdiot.common", "GeniyIdiot.common\GeniyIdiot.common.csproj", "{CDB95538-1F47-499B-89A3-A655EB997F41}"
EndProject
Global
	GlobalSection(SolutionConfigurationPlatforms) = preSolution
		Debug|Any CPU = Debug|Any CPU
		Release|Any CPU = Release|Any CPU
	EndGlobalSection
	GlobalSection(ProjectConfigurationPlatforms) = postSolution
		{FE464856-A4D5-44A0-BBB2-A291C5193FB1}.Debug|Any CPU.ActiveCfg = Debug|Any CPU
		{FE464856-A4D5-44A0-BBB2-A291C5193FB1}.Debug|Any CPU.Build.0 = Debug|Any CPU
		{FE464856-A4D5-44A0-BBB2-A291C5193FB1}.Release|Any CPU.ActiveCfg = Release|Any CPU
		{FE464856-A4D5-44A0-BBB2-A291C5193FB1}.Release|Any CPU.Build.0 = Release|Any CPU
		{ABBC802E-6066-4C4B-ABDF-D997683F4E85}.Debug|Any CPU.ActiveCfg = Debug|Any CPU
		{ABBC802E-6066-4C4B-ABDF-D997683F4E85}.Debug|Any CPU.Build.0 = Debug|Any CPU
		{ABBC802E-6066-4C4B-ABDF-D997683F4E85}.Release|Any CPU.ActiveCfg = Release|Any CPU
		{ABBC802E-6066-4C4B-ABDF-D997683F4E85}.Release|Any CPU.Build.0 = Release|Any CPU
		{CDB95538-1F47-499B-89A3-A655EB997F41}.Debug|Any CPU.ActiveCfg = Debug|Any CPU
		{CDB95538-1F47-499B-89A3-A655EB997F41}.Debug|Any CPU.Build.0 = Debug|Any CPU
		{CDB95538-1F47-499B-89A3-A655EB997F41}.Release|Any CPU.ActiveCfg = Release|Any CPU
		{CDB95538-1F47-499B-89A3-A655EB997F41}.Release|Any CPU.Build.0 = Release|Any CPU
	EndGlobalSection
	GlobalSection(SolutionProperties) = preSolution
		HideSolutionNode = FALSE
	EndGlobalSection
	GlobalSection(ExtensibilityGlobals) = postSolution
		SolutionGuid = {DD90FEC4-6A3C-4C71-ABEE-F3D197C75268}
	EndGlobalSection
EndGlobal
